{
  "name": "llms-txt-generator",
  "version": "0.1.0",
  "lockfileVersion": 3,
  "requires": true,
  "packages": {
    "": {
      "name": "llms-txt-generator",
      "version": "0.1.0",
      "license": "MIT",
      "bin": {
        "llms-txt-gen": "bin/llms-txt-gen.js"
      },
      "engines": {
        "node": ">=18"
      }
    }
  }
}
